
Microsoft Visual Studio Solution File, Format Version 12.00
# Visual Studio Version 17
VisualStudioVersion = 17.14.36203.30
MinimumVisualStudioVersion = 10.0.40219.1
Project("{FAE04EC0-301F-11D3-BF4B-00C04F79EFBC}") = "Ui", "Ui\Ui.csproj", "{AABC4C52-4595-4D65-A554-39B6EA134391}"
EndProject
Global
	GlobalSection(SolutionConfigurationPlatforms) = preSolution
		Debug|Any CPU = Debug|Any CPU
		Release|Any CPU = Release|Any CPU
	EndGlobalSection
	GlobalSection(ProjectConfigurationPlatforms) = postSolution
		{AABC4C52-4595-4D65-A554-39B6EA134391}.Debug|Any CPU.ActiveCfg = Debug|Any CPU
		{AABC4C52-4595-4D65-A554-39B6EA134391}.Debug|Any CPU.Build.0 = Debug|Any CPU
		{AABC4C52-4595-4D65-A554-39B6EA134391}.Release|Any CPU.ActiveCfg = Release|Any CPU
		{AABC4C52-4595-4D65-A554-39B6EA134391}.Release|Any CPU.Build.0 = Release|Any CPU
	EndGlobalSection
	GlobalSection(SolutionProperties) = preSolution
		HideSolutionNode = FALSE
	EndGlobalSection
	GlobalSection(ExtensibilityGlobals) = postSolution
		SolutionGuid = {8D3003E2-74DA-4B0F-82D2-BC4F05D8850E}
	EndGlobalSection
EndGlobal
